
Microsoft Visual Studio Solution File, Format Version 12.00
# Visual Studio Version 17
VisualStudioVersion = 17.8.34316.72
MinimumVisualStudioVersion = 10.0.40219.1
Project("{2150E333-8FDC-42A3-9474-1A3956D46DE8}") = "解决方案项", "解决方案项", "{4004268C-4374-410A-878A-B65515A1B21F}"
	ProjectSection(SolutionItems) = preProject
		.gitattributes = .gitattributes
		.gitignore = .gitignore
		LICENSE.txt = LICENSE.txt
		README.md = README.md
	EndProjectSection
EndProject
Project("{FAE04EC0-301F-11D3-BF4B-00C04F79EFBC}") = "Console_App_4.7.2", "Console_App_4.7.2\Console_App_4.7.2.csproj", "{EF5E522D-84E6-4F81-B19E-5FD375A2CB5D}"
EndProject
Project("{FAE04EC0-301F-11D3-BF4B-00C04F79EFBC}") = "WF_App_4.7.2", "WF_App_4.7.2\WF_App_4.7.2.csproj", "{A6D8DE8B-9E88-4302-A42A-E7E8CAAE3AC9}"
EndProject
Project("{FAE04EC0-301F-11D3-BF4B-00C04F79EFBC}") = "WF_App_8.0", "WF_App_8.0\WF_App_8.0.csproj", "{4EFA7B5A-F31F-4C25-A985-599D9EE90BBD}"
EndProject
Global
	GlobalSection(SolutionConfigurationPlatforms) = preSolution
		Debug|Any CPU = Debug|Any CPU
		Release|Any CPU = Release|Any CPU
	EndGlobalSection
	GlobalSection(ProjectConfigurationPlatforms) = postSolution
		{EF5E522D-84E6-4F81-B19E-5FD375A2CB5D}.Debug|Any CPU.ActiveCfg = Debug|Any CPU
		{EF5E522D-84E6-4F81-B19E-5FD375A2CB5D}.Debug|Any CPU.Build.0 = Debug|Any CPU
		{EF5E522D-84E6-4F81-B19E-5FD375A2CB5D}.Release|Any CPU.ActiveCfg = Release|Any CPU
		{EF5E522D-84E6-4F81-B19E-5FD375A2CB5D}.Release|Any CPU.Build.0 = Release|Any CPU
		{A6D8DE8B-9E88-4302-A42A-E7E8CAAE3AC9}.Debug|Any CPU.ActiveCfg = Debug|Any CPU
		{A6D8DE8B-9E88-4302-A42A-E7E8CAAE3AC9}.Debug|Any CPU.Build.0 = Debug|Any CPU
		{A6D8DE8B-9E88-4302-A42A-E7E8CAAE3AC9}.Release|Any CPU.ActiveCfg = Release|Any CPU
		{A6D8DE8B-9E88-4302-A42A-E7E8CAAE3AC9}.Release|Any CPU.Build.0 = Release|Any CPU
		{4EFA7B5A-F31F-4C25-A985-599D9EE90BBD}.Debug|Any CPU.ActiveCfg = Debug|Any CPU
		{4EFA7B5A-F31F-4C25-A985-599D9EE90BBD}.Debug|Any CPU.Build.0 = Debug|Any CPU
		{4EFA7B5A-F31F-4C25-A985-599D9EE90BBD}.Release|Any CPU.ActiveCfg = Release|Any CPU
		{4EFA7B5A-F31F-4C25-A985-599D9EE90BBD}.Release|Any CPU.Build.0 = Release|Any CPU
	EndGlobalSection
	GlobalSection(SolutionProperties) = preSolution
		HideSolutionNode = FALSE
	EndGlobalSection
	GlobalSection(ExtensibilityGlobals) = postSolution
		SolutionGuid = {C0C91BDB-4D9A-4AC1-B1E1-34189CC97D53}
	EndGlobalSection
EndGlobal
